
Microsoft Visual Studio Solution File, Format Version 12.00
# Visual Studio Version 16
VisualStudioVersion = 16.0.32630.194
MinimumVisualStudioVersion = 10.0.40219.1
Project("{FAE04EC0-301F-11D3-BF4B-00C04F79EFBC}") = "MulticastDelegates", "Delegates\MulticastDelegates.csproj", "{9F42F529-9D9A-41D7-8A9A-6A5A2BDF4D70}"
EndProject
Project("{FAE04EC0-301F-11D3-BF4B-00C04F79EFBC}") = "MultipleDelegates", "MultipleDelegates\MultipleDelegates.csproj", "{F504A7B4-493A-4616-9DE4-D8570A860526}"
EndProject
Global
	GlobalSection(SolutionConfigurationPlatforms) = preSolution
		Debug|Any CPU = Debug|Any CPU
		Release|Any CPU = Release|Any CPU
	EndGlobalSection
	GlobalSection(ProjectConfigurationPlatforms) = postSolution
		{9F42F529-9D9A-41D7-8A9A-6A5A2BDF4D70}.Debug|Any CPU.ActiveCfg = Debug|Any CPU
		{9F42F529-9D9A-41D7-8A9A-6A5A2BDF4D70}.Debug|Any CPU.Build.0 = Debug|Any CPU
		{9F42F529-9D9A-41D7-8A9A-6A5A2BDF4D70}.Release|Any CPU.ActiveCfg = Release|Any CPU
		{9F42F529-9D9A-41D7-8A9A-6A5A2BDF4D70}.Release|Any CPU.Build.0 = Release|Any CPU
		{F504A7B4-493A-4616-9DE4-D8570A860526}.Debug|Any CPU.ActiveCfg = Debug|Any CPU
		{F504A7B4-493A-4616-9DE4-D8570A860526}.Debug|Any CPU.Build.0 = Debug|Any CPU
		{F504A7B4-493A-4616-9DE4-D8570A860526}.Release|Any CPU.ActiveCfg = Release|Any CPU
		{F504A7B4-493A-4616-9DE4-D8570A860526}.Release|Any CPU.Build.0 = Release|Any CPU
	EndGlobalSection
	GlobalSection(SolutionProperties) = preSolution
		HideSolutionNode = FALSE
	EndGlobalSection
	GlobalSection(ExtensibilityGlobals) = postSolution
		SolutionGuid = {D2EE43C1-F2C7-4CFD-9CE1-A20C209081FC}
	EndGlobalSection
EndGlobal
